
Microsoft Visual Studio Solution File, Format Version 12.00
# Visual Studio Version 17
VisualStudioVersion = 17.4.33205.214
MinimumVisualStudioVersion = 10.0.40219.1
Project("{888888A0-9F3D-457C-B088-3A5042F75D52}") = "ghgjgjggj", "ghgjgjggj\ghgjgjggj.pyproj", "{AF444F95-2B54-4C84-9B2A-5EAF55EB14FB}"
EndProject
Global
	GlobalSection(SolutionConfigurationPlatforms) = preSolution
		Debug|Any CPU = Debug|Any CPU
		Release|Any CPU = Release|Any CPU
	EndGlobalSection
	GlobalSection(ProjectConfigurationPlatforms) = postSolution
		{AF444F95-2B54-4C84-9B2A-5EAF55EB14FB}.Debug|Any CPU.ActiveCfg = Debug|Any CPU
		{AF444F95-2B54-4C84-9B2A-5EAF55EB14FB}.Release|Any CPU.ActiveCfg = Release|Any CPU
	EndGlobalSection
	GlobalSection(SolutionProperties) = preSolution
		HideSolutionNode = FALSE
	EndGlobalSection
	GlobalSection(ExtensibilityGlobals) = postSolution
		SolutionGuid = {0F58E104-D0CE-459B-B4D4-01B6C0E16B49}
	EndGlobalSection
EndGlobal
